// !$*UTF8*$!
{
	archiveVersion = 1;
	classes = {
	};
	objectVersion = 56;
	objects = {

/* Begin PBXBuildFile section */
		F23DE76D293B6FFB00EDD7B9 /* AppDelegate.swift in Sources */ = {isa = PBXBuildFile; fileRef = F23DE76C293B6FFB00EDD7B9 /* AppDelegate.swift */; };
		F23DE771293B6FFB00EDD7B9 /* ViewController.swift in Sources */ = {isa = PBXBuildFile; fileRef = F23DE770293B6FFB00EDD7B9 /* ViewController.swift */; };
		F23DE776293B6FFB00EDD7B9 /* Assets.xcassets in Resources */ = {isa = PBXBuildFile; fileRef = F23DE775293B6FFB00EDD7B9 /* Assets.xcassets */; };
		F23DE779293B6FFB00EDD7B9 /* LaunchScreen.storyboard in Resources */ = {isa = PBXBuildFile; fileRef = F23DE777293B6FFB00EDD7B9 /* LaunchScreen.storyboard */; };
		F281B32C293E7EB600AF6BC4 /* GoogleMapsBase.xcframework in Frameworks */ = {isa = PBXBuildFile; fileRef = F281B329293E7EB400AF6BC4 /* GoogleMapsBase.xcframework */; };
		F281B32D293E7EB600AF6BC4 /* GoogleMaps.xcframework in Frameworks */ = {isa = PBXBuildFile; fileRef = F281B32A293E7EB500AF6BC4 /* GoogleMaps.xcframework */; };
		F281B32E293E7EB600AF6BC4 /* GoogleMapsCore.xcframework in Frameworks */ = {isa = PBXBuildFile; fileRef = F281B32B293E7EB600AF6BC4 /* GoogleMapsCore.xcframework */; };
		F281B332293E7F4900AF6BC4 /* GoogleMaps.bundle in Resources */ = {isa = PBXBuildFile; fileRef = F281B331293E7F4900AF6BC4 /* GoogleMaps.bundle */; };
		F2E0B776293E28F8004067C1 /* libc++.tbd in Frameworks */ = {isa = PBXBuildFile; fileRef = F2E0B766293E28F8004067C1 /* libc++.tbd */; };
		F2E0B777293E28F8004067C1 /* CoreData.framework in Frameworks */ = {isa = PBXBuildFile; fileRef = F2E0B767293E28F8004067C1 /* CoreData.framework */; };
		F2E0B778293E28F8004067C1 /* CoreGraphics.framework in Frameworks */ = {isa = PBXBuildFile; fileRef = F2E0B768293E28F8004067C1 /* CoreGraphics.framework */; };
		F2E0B779293E28F9004067C1 /* CoreImage.framework in Frameworks */ = {isa = PBXBuildFile; fileRef = F2E0B769293E28F8004067C1 /* CoreImage.framework */; };
		F2E0B77A293E28F9004067C1 /* SystemConfiguration.framework in Frameworks */ = {isa = PBXBuildFile; fileRef = F2E0B76A293E28F8004067C1 /* SystemConfiguration.framework */; };
		F2E0B77B293E28F9004067C1 /* Metal.framework in Frameworks */ = {isa = PBXBuildFile; fileRef = F2E0B76B293E28F8004067C1 /* Metal.framework */; };
		F2E0B77C293E28F9004067C1 /* GLKit.framework in Frameworks */ = {isa = PBXBuildFile; fileRef = F2E0B76C293E28F8004067C1 /* GLKit.framework */; };
		F2E0B77D293E28F9004067C1 /* CoreTelephony.framework in Frameworks */ = {isa = PBXBuildFile; fileRef = F2E0B76D293E28F8004067C1 /* CoreTelephony.framework */; };
		F2E0B77E293E28F9004067C1 /* ImageIO.framework in Frameworks */ = {isa = PBXBuildFile; fileRef = F2E0B76E293E28F8004067C1 /* ImageIO.framework */; };
		F2E0B77F293E28F9004067C1 /* CoreText.framework in Frameworks */ = {isa = PBXBuildFile; fileRef = F2E0B76F293E28F8004067C1 /* CoreText.framework */; };
		F2E0B780293E28FA004067C1 /* libz.tbd in Frameworks */ = {isa = PBXBuildFile; fileRef = F2E0B770293E28F8004067C1 /* libz.tbd */; };
		F2E0B781293E28FA004067C1 /* Accelerate.framework in Frameworks */ = {isa = PBXBuildFile; fileRef = F2E0B771293E28F8004067C1 /* Accelerate.framework */; };
		F2E0B782293E28FA004067C1 /* OpenGLES.framework in Frameworks */ = {isa = PBXBuildFile; fileRef = F2E0B772293E28F8004067C1 /* OpenGLES.framework */; };
		F2E0B783293E28FA004067C1 /* QuartzCore.framework in Frameworks */ = {isa = PBXBuildFile; fileRef = F2E0B773293E28F8004067C1 /* QuartzCore.framework */; };
		F2E0B784293E28FA004067C1 /* CoreLocation.framework in Frameworks */ = {isa = PBXBuildFile; fileRef = F2E0B774293E28F8004067C1 /* CoreLocation.framework */; };
		F2E0B785293E28FB004067C1 /* UIKit.framework in Frameworks */ = {isa = PBXBuildFile; fileRef = F2E0B775293E28F8004067C1 /* UIKit.framework */; };
/* End PBXBuildFile section */

/* Begin PBXFileReference section */
		F23DE769293B6FFB00EDD7B9 /* googleMap.app */ = {isa = PBXFileReference; explicitFileType = wrapper.application; includeInIndex = 0; path = googleMap.app; sourceTree = BUILT_PRODUCTS_DIR; };
		F23DE76C293B6FFB00EDD7B9 /* AppDelegate.swift */ = {isa = PBXFileReference; lastKnownFileType = sourcecode.swift; path = AppDelegate.swift; sourceTree = "<group>"; };
		F23DE770293B6FFB00EDD7B9 /* ViewController.swift */ = {isa = PBXFileReference; lastKnownFileType = sourcecode.swift; path = ViewController.swift; sourceTree = "<group>"; };
		F23DE775293B6FFB00EDD7B9 /* Assets.xcassets */ = {isa = PBXFileReference; lastKnownFileType = folder.assetcatalog; path = Assets.xcassets; sourceTree = "<group>"; };
		F23DE778293B6FFB00EDD7B9 /* Base */ = {isa = PBXFileReference; lastKnownFileType = file.storyboard; name = Base; path = Base.lproj/LaunchScreen.storyboard; sourceTree = "<group>"; };
		F23DE77A293B6FFB00EDD7B9 /* Info.plist */ = {isa = PBXFileReference; lastKnownFileType = text.plist.xml; path = Info.plist; sourceTree = "<group>"; };
		F281B329293E7EB400AF6BC4 /* GoogleMapsBase.xcframework */ = {isa = PBXFileReference; lastKnownFileType = wrapper.xcframework; path = GoogleMapsBase.xcframework; sourceTree = "<group>"; };
		F281B32A293E7EB500AF6BC4 /* GoogleMaps.xcframework */ = {isa = PBXFileReference; lastKnownFileType = wrapper.xcframework; path = GoogleMaps.xcframework; sourceTree = "<group>"; };
		F281B32B293E7EB600AF6BC4 /* GoogleMapsCore.xcframework */ = {isa = PBXFileReference; lastKnownFileType = wrapper.xcframework; path = GoogleMapsCore.xcframework; sourceTree = "<group>"; };
		F281B331293E7F4900AF6BC4 /* GoogleMaps.bundle */ = {isa = PBXFileReference; lastKnownFileType = "wrapper.plug-in"; name = GoogleMaps.bundle; path = "GoogleMaps.xcframework/ios-arm64/GoogleMaps.framework/Resources/GoogleMaps.bundle"; sourceTree = "<group>"; };
		F2E0B766293E28F8004067C1 /* libc++.tbd */ = {isa = PBXFileReference; lastKnownFileType = "sourcecode.text-based-dylib-definition"; name = "libc++.tbd"; path = "usr/lib/libc++.tbd"; sourceTree = SDKROOT; };
		F2E0B767293E28F8004067C1 /* CoreData.framework */ = {isa = PBXFileReference; lastKnownFileType = wrapper.framework; name = CoreData.framework; path = System/Library/Frameworks/CoreData.framework; sourceTree = SDKROOT; };
		F2E0B768293E28F8004067C1 /* CoreGraphics.framework */ = {isa = PBXFileReference; lastKnownFileType = wrapper.framework; name = CoreGraphics.framework; path = System/Library/Frameworks/CoreGraphics.framework; sourceTree = SDKROOT; };
		F2E0B769293E28F8004067C1 /* CoreImage.framework */ = {isa = PBXFileReference; lastKnownFileType = wrapper.framework; name = CoreImage.framework; path = System/Library/Frameworks/CoreImage.framework; sourceTree = SDKROOT; };
		F2E0B76A293E28F8004067C1 /* SystemConfiguration.framework */ = {isa = PBXFileReference; lastKnownFileType = wrapper.framework; name = SystemConfiguration.framework; path = System/Library/Frameworks/SystemConfiguration.framework; sourceTree = SDKROOT; };
		F2E0B76B293E28F8004067C1 /* Metal.framework */ = {isa = PBXFileReference; lastKnownFileType = wrapper.framework; name = Metal.framework; path = System/Library/Frameworks/Metal.framework; sourceTree = SDKROOT; };
		F2E0B76C293E28F8004067C1 /* GLKit.framework */ = {isa = PBXFileReference; lastKnownFileType = wrapper.framework; name = GLKit.framework; path = System/Library/Frameworks/GLKit.framework; sourceTree = SDKROOT; };
		F2E0B76D293E28F8004067C1 /* CoreTelephony.framework */ = {isa = PBXFileReference; lastKnownFileType = wrapper.framework; name = CoreTelephony.framework; path = System/Library/Frameworks/CoreTelephony.framework; sourceTree = SDKROOT; };
		F2E0B76E293E28F8004067C1 /* ImageIO.framework */ = {isa = PBXFileReference; lastKnownFileType = wrapper.framework; name = ImageIO.framework; path = System/Library/Frameworks/ImageIO.framework; sourceTree = SDKROOT; };
		F2E0B76F293E28F8004067C1 /* CoreText.framework */ = {isa = PBXFileReference; lastKnownFileType = wrapper.framework; name = CoreText.framework; path = System/Library/Frameworks/CoreText.framework; sourceTree = SDKROOT; };
		F2E0B770293E28F8004067C1 /* libz.tbd */ = {isa = PBXFileReference; lastKnownFileType = "sourcecode.text-based-dylib-definition"; name = libz.tbd; path = usr/lib/libz.tbd; sourceTree = SDKROOT; };
		F2E0B771293E28F8004067C1 /* Accelerate.framework */ = {isa = PBXFileReference; lastKnownFileType = wrapper.framework; name = Accelerate.framework; path = System/Library/Frameworks/Accelerate.framework; sourceTree = SDKROOT; };
		F2E0B772293E28F8004067C1 /* OpenGLES.framework */ = {isa = PBXFileReference; lastKnownFileType = wrapper.framework; name = OpenGLES.framework; path = System/Library/Frameworks/OpenGLES.framework; sourceTree = SDKROOT; };
		F2E0B773293E28F8004067C1 /* QuartzCore.framework */ = {isa = PBXFileReference; lastKnownFileType = wrapper.framework; name = QuartzCore.framework; path = System/Library/Frameworks/QuartzCore.framework; sourceTree = SDKROOT; };
		F2E0B774293E28F8004067C1 /* CoreLocation.framework */ = {isa = PBXFileReference; lastKnownFileType = wrapper.framework; name = CoreLocation.framework; path = System/Library/Frameworks/CoreLocation.framework; sourceTree = SDKROOT; };
		F2E0B775293E28F8004067C1 /* UIKit.framework */ = {isa = PBXFileReference; lastKnownFileType = wrapper.framework; name = UIKit.framework; path = System/Library/Frameworks/UIKit.framework; sourceTree = SDKROOT; };
/* End PBXFileReference section */

/* Begin PBXFrameworksBuildPhase section */
		F23DE766293B6FFB00EDD7B9 /* Frameworks */ = {
			isa = PBXFrameworksBuildPhase;
			buildActionMask = 2147483647;
			files = (
				F2E0B776293E28F8004067C1 /* libc++.tbd in Frameworks */,
				F2E0B777293E28F8004067C1 /* CoreData.framework in Frameworks */,
				F2E0B778293E28F8004067C1 /* CoreGraphics.framework in Frameworks */,
				F2E0B779293E28F9004067C1 /* CoreImage.framework in Frameworks */,
				F2E0B77A293E28F9004067C1 /* SystemConfiguration.framework in Frameworks */,
				F2E0B77B293E28F9004067C1 /* Metal.framework in Frameworks */,
				F2E0B77C293E28F9004067C1 /* GLKit.framework in Frameworks */,
				F2E0B77D293E28F9004067C1 /* CoreTelephony.framework in Frameworks */,
				F2E0B77E293E28F9004067C1 /* ImageIO.framework in Frameworks */,
				F281B32D293E7EB600AF6BC4 /* GoogleMaps.xcframework in Frameworks */,
				F281B32E293E7EB600AF6BC4 /* GoogleMapsCore.xcframework in Frameworks */,
				F2E0B77F293E28F9004067C1 /* CoreText.framework in Frameworks */,
				F2E0B780293E28FA004067C1 /* libz.tbd in Frameworks */,
				F2E0B781293E28FA004067C1 /* Accelerate.framework in Frameworks */,
				F2E0B782293E28FA004067C1 /* OpenGLES.framework in Frameworks */,
				F2E0B783293E28FA004067C1 /* QuartzCore.framework in Frameworks */,
				F2E0B784293E28FA004067C1 /* CoreLocation.framework in Frameworks */,
				F281B32C293E7EB600AF6BC4 /* GoogleMapsBase.xcframework in Frameworks */,
				F2E0B785293E28FB004067C1 /* UIKit.framework in Frameworks */,
			);
			runOnlyForDeploymentPostprocessing = 0;
		};
/* End PBXFrameworksBuildPhase section */

/* Begin PBXGroup section */
		F23DE760293B6FFB00EDD7B9 = {
			isa = PBXGroup;
			children = (
				F2E0B786293E2927004067C1 /* Google Frameworks */,
				F2E0B75D293E27BA004067C1 /* Frameworks */,
				F23DE76B293B6FFB00EDD7B9 /* googleMap */,
				F23DE76A293B6FFB00EDD7B9 /* Products */,
			);
			sourceTree = "<group>";
		};
		F23DE76A293B6FFB00EDD7B9 /* Products */ = {
			isa = PBXGroup;
			children = (
				F23DE769293B6FFB00EDD7B9 /* googleMap.app */,
			);
			name = Products;
			sourceTree = "<group>";
		};
		F23DE76B293B6FFB00EDD7B9 /* googleMap */ = {
			isa = PBXGroup;
			children = (
				F23DE76C293B6FFB00EDD7B9 /* AppDelegate.swift */,
				F23DE770293B6FFB00EDD7B9 /* ViewController.swift */,
				F23DE775293B6FFB00EDD7B9 /* Assets.xcassets */,
				F23DE777293B6FFB00EDD7B9 /* LaunchScreen.storyboard */,
				F23DE77A293B6FFB00EDD7B9 /* Info.plist */,
			);
			path = googleMap;
			sourceTree = "<group>";
		};
		F2E0B75D293E27BA004067C1 /* Frameworks */ = {
			isa = PBXGroup;
			children = (
				F2E0B771293E28F8004067C1 /* Accelerate.framework */,
				F2E0B767293E28F8004067C1 /* CoreData.framework */,
				F2E0B768293E28F8004067C1 /* CoreGraphics.framework */,
				F2E0B769293E28F8004067C1 /* CoreImage.framework */,
				F2E0B774293E28F8004067C1 /* CoreLocation.framework */,
				F2E0B76D293E28F8004067C1 /* CoreTelephony.framework */,
				F2E0B76F293E28F8004067C1 /* CoreText.framework */,
				F2E0B76C293E28F8004067C1 /* GLKit.framework */,
				F2E0B76E293E28F8004067C1 /* ImageIO.framework */,
				F2E0B766293E28F8004067C1 /* libc++.tbd */,
				F2E0B770293E28F8004067C1 /* libz.tbd */,
				F2E0B76B293E28F8004067C1 /* Metal.framework */,
				F2E0B772293E28F8004067C1 /* OpenGLES.framework */,
				F2E0B773293E28F8004067C1 /* QuartzCore.framework */,
				F2E0B76A293E28F8004067C1 /* SystemConfiguration.framework */,
				F2E0B775293E28F8004067C1 /* UIKit.framework */,
			);
			path = Frameworks;
			sourceTree = "<group>";
		};
		F2E0B786293E2927004067C1 /* Google Frameworks */ = {
			isa = PBXGroup;
			children = (
				F281B331293E7F4900AF6BC4 /* GoogleMaps.bundle */,
				F281B32A293E7EB500AF6BC4 /* GoogleMaps.xcframework */,
				F281B329293E7EB400AF6BC4 /* GoogleMapsBase.xcframework */,
				F281B32B293E7EB600AF6BC4 /* GoogleMapsCore.xcframework */,
			);
			path = "Google Frameworks";
			sourceTree = "<group>";
		};
/* End PBXGroup section */

/* Begin PBXNativeTarget section */
		F23DE768293B6FFB00EDD7B9 /* googleMap */ = {
			isa = PBXNativeTarget;
			buildConfigurationList = F23DE77D293B6FFB00EDD7B9 /* Build configuration list for PBXNativeTarget "googleMap" */;
			buildPhases = (
				F23DE765293B6FFB00EDD7B9 /* Sources */,
				F23DE766293B6FFB00EDD7B9 /* Frameworks */,
				F23DE767293B6FFB00EDD7B9 /* Resources */,
				F23DE780293B739400EDD7B9 /* ShellScript */,
			);
			buildRules = (
			);
			dependencies = (
			);
			name = googleMap;
			productName = googleMap;
			productReference = F23DE769293B6FFB00EDD7B9 /* googleMap.app */;
			productType = "com.apple.product-type.application";
		};
/* End PBXNativeTarget section */

/* Begin PBXProject section */
		F23DE761293B6FFB00EDD7B9 /* Project object */ = {
			isa = PBXProject;
			attributes = {
				BuildIndependentTargetsInParallel = 1;
				LastSwiftUpdateCheck = 1410;
				LastUpgradeCheck = 1410;
				TargetAttributes = {
					F23DE768293B6FFB00EDD7B9 = {
						CreatedOnToolsVersion = 14.1;
					};
				};
			};
			buildConfigurationList = F23DE764293B6FFB00EDD7B9 /* Build configuration list for PBXProject "googleMap" */;
			compatibilityVersion = "Xcode 14.0";
			developmentRegion = en;
			hasScannedForEncodings = 0;
			knownRegions = (
				en,
				Base,
			);
			mainGroup = F23DE760293B6FFB00EDD7B9;
			productRefGroup = F23DE76A293B6FFB00EDD7B9 /* Products */;
			projectDirPath = "";
			projectRoot = "";
			targets = (
				F23DE768293B6FFB00EDD7B9 /* googleMap */,
			);
		};
/* End PBXProject section */

/* Begin PBXResourcesBuildPhase section */
		F23DE767293B6FFB00EDD7B9 /* Resources */ = {
			isa = PBXResourcesBuildPhase;
			buildActionMask = 2147483647;
			files = (
				F281B332293E7F4900AF6BC4 /* GoogleMaps.bundle in Resources */,
				F23DE779293B6FFB00EDD7B9 /* LaunchScreen.storyboard in Resources */,
				F23DE776293B6FFB00EDD7B9 /* Assets.xcassets in Resources */,
			);
			runOnlyForDeploymentPostprocessing = 0;
		};
/* End PBXResourcesBuildPhase section */

/* Begin PBXShellScriptBuildPhase section */
		F23DE780293B739400EDD7B9 /* ShellScript */ = {
			isa = PBXShellScriptBuildPhase;
			buildActionMask = 2147483647;
			files = (
			);
			inputFileListPaths = (
			);
			inputPaths = (
			);
			outputFileListPaths = (
			);
			outputPaths = (
			);
			runOnlyForDeploymentPostprocessing = 0;
			shellPath = /bin/sh;
			shellScript = "# Type a script or drag a script file from your workspace to insert its path.\nexport PATH=\"$PATH:/opt/homebrew/bin\"\nif which swiftlint > /dev/null; then\n  swiftlint\nelse\n  echo \"warning: SwiftLint not installed, download from https://github.com/realm/SwiftLint\"\nfi\n";
		};
/* End PBXShellScriptBuildPhase section */

/* Begin PBXSourcesBuildPhase section */
		F23DE765293B6FFB00EDD7B9 /* Sources */ = {
			isa = PBXSourcesBuildPhase;
			buildActionMask = 2147483647;
			files = (
				F23DE771293B6FFB00EDD7B9 /* ViewController.swift in Sources */,
				F23DE76D293B6FFB00EDD7B9 /* AppDelegate.swift in Sources */,
			);
			runOnlyForDeploymentPostprocessing = 0;
		};
/* End PBXSourcesBuildPhase section */

/* Begin PBXVariantGroup section */
		F23DE777293B6FFB00EDD7B9 /* LaunchScreen.storyboard */ = {
			isa = PBXVariantGroup;
			children = (
				F23DE778293B6FFB00EDD7B9 /* Base */,
			);
			name = LaunchScreen.storyboard;
			sourceTree = "<group>";
		};
/* End PBXVariantGroup section */

/* Begin XCBuildConfiguration section */
		F23DE77B293B6FFB00EDD7B9 /* Debug */ = {
			isa = XCBuildConfiguration;
			buildSettings = {
				ALWAYS_SEARCH_USER_PATHS = NO;
				CLANG_ANALYZER_NONNULL = YES;
				CLANG_ANALYZER_NUMBER_OBJECT_CONVERSION = YES_AGGRESSIVE;
				CLANG_CXX_LANGUAGE_STANDARD = "gnu++20";
				CLANG_ENABLE_MODULES = YES;
				CLANG_ENABLE_OBJC_ARC = YES;
				CLANG_ENABLE_OBJC_WEAK = YES;
				CLANG_WARN_BLOCK_CAPTURE_AUTORELEASING = YES;
				CLANG_WARN_BOOL_CONVERSION = YES;
				CLANG_WARN_COMMA = YES;
				CLANG_WARN_CONSTANT_CONVERSION = YES;
				CLANG_WARN_DEPRECATED_OBJC_IMPLEMENTATIONS = YES;
				CLANG_WARN_DIRECT_OBJC_ISA_USAGE = YES_ERROR;
				CLANG_WARN_DOCUMENTATION_COMMENTS = YES;
				CLANG_WARN_EMPTY_BODY = YES;
				CLANG_WARN_ENUM_CONVERSION = YES;
				CLANG_WARN_INFINITE_RECURSION = YES;
				CLANG_WARN_INT_CONVERSION = YES;
				CLANG_WARN_NON_LITERAL_NULL_CONVERSION = YES;
				CLANG_WARN_OBJC_IMPLICIT_RETAIN_SELF = YES;
				CLANG_WARN_OBJC_LITERAL_CONVERSION = YES;
				CLANG_WARN_OBJC_ROOT_CLASS = YES_ERROR;
				CLANG_WARN_QUOTED_INCLUDE_IN_FRAMEWORK_HEADER = YES;
				CLANG_WARN_RANGE_LOOP_ANALYSIS = YES;
				CLANG_WARN_STRICT_PROTOTYPES = YES;
				CLANG_WARN_SUSPICIOUS_MOVE = YES;
				CLANG_WARN_UNGUARDED_AVAILABILITY = YES_AGGRESSIVE;
				CLANG_WARN_UNREACHABLE_CODE = YES;
				CLANG_WARN__DUPLICATE_METHOD_MATCH = YES;
				COPY_PHASE_STRIP = NO;
				DEBUG_INFORMATION_FORMAT = dwarf;
				ENABLE_STRICT_OBJC_MSGSEND = YES;
				ENABLE_TESTABILITY = YES;
				GCC_C_LANGUAGE_STANDARD = gnu11;
				GCC_DYNAMIC_NO_PIC = NO;
				GCC_NO_COMMON_BLOCKS = YES;
				GCC_OPTIMIZATION_LEVEL = 0;
				GCC_PREPROCESSOR_DEFINITIONS = (
					"DEBUG=1",
					"$(inherited)",
				);
				GCC_WARN_64_TO_32_BIT_CONVERSION = YES;
				GCC_WARN_ABOUT_RETURN_TYPE = YES_ERROR;
				GCC_WARN_UNDECLARED_SELECTOR = YES;
				GCC_WARN_UNINITIALIZED_AUTOS = YES_AGGRESSIVE;
				GCC_WARN_UNUSED_FUNCTION = YES;
				GCC_WARN_UNUSED_VARIABLE = YES;
				IPHONEOS_DEPLOYMENT_TARGET = 13.0;
				MTL_ENABLE_DEBUG_INFO = INCLUDE_SOURCE;
				MTL_FAST_MATH = YES;
				ONLY_ACTIVE_ARCH = YES;
				SDKROOT = iphoneos;
				SWIFT_ACTIVE_COMPILATION_CONDITIONS = DEBUG;
				SWIFT_OPTIMIZATION_LEVEL = "-Onone";
			};
			name = Debug;
		};
		F23DE77C293B6FFB00EDD7B9 /* Release */ = {
			isa = XCBuildConfiguration;
			buildSettings = {
				ALWAYS_SEARCH_USER_PATHS = NO;
				CLANG_ANALYZER_NONNULL = YES;
				CLANG_ANALYZER_NUMBER_OBJECT_CONVERSION = YES_AGGRESSIVE;
				CLANG_CXX_LANGUAGE_STANDARD = "gnu++20";
				CLANG_ENABLE_MODULES = YES;
				CLANG_ENABLE_OBJC_ARC = YES;
				CLANG_ENABLE_OBJC_WEAK = YES;
				CLANG_WARN_BLOCK_CAPTURE_AUTORELEASING = YES;
				CLANG_WARN_BOOL_CONVERSION = YES;
				CLANG_WARN_COMMA = YES;
				CLANG_WARN_CONSTANT_CONVERSION = YES;
				CLANG_WARN_DEPRECATED_OBJC_IMPLEMENTATIONS = YES;
				CLANG_WARN_DIRECT_OBJC_ISA_USAGE = YES_ERROR;
				CLANG_WARN_DOCUMENTATION_COMMENTS = YES;
				CLANG_WARN_EMPTY_BODY = YES;
				CLANG_WARN_ENUM_CONVERSION = YES;
				CLANG_WARN_INFINITE_RECURSION = YES;
				CLANG_WARN_INT_CONVERSION = YES;
				CLANG_WARN_NON_LITERAL_NULL_CONVERSION = YES;
				CLANG_WARN_OBJC_IMPLICIT_RETAIN_SELF = YES;
				CLANG_WARN_OBJC_LITERAL_CONVERSION = YES;
				CLANG_WARN_OBJC_ROOT_CLASS = YES_ERROR;
				CLANG_WARN_QUOTED_INCLUDE_IN_FRAMEWORK_HEADER = YES;
				CLANG_WARN_RANGE_LOOP_ANALYSIS = YES;
				CLANG_WARN_STRICT_PROTOTYPES = YES;
				CLANG_WARN_SUSPICIOUS_MOVE = YES;
				CLANG_WARN_UNGUARDED_AVAILABILITY = YES_AGGRESSIVE;
				CLANG_WARN_UNREACHABLE_CODE = YES;
				CLANG_WARN__DUPLICATE_METHOD_MATCH = YES;
				COPY_PHASE_STRIP = NO;
				DEBUG_INFORMATION_FORMAT = "dwarf-with-dsym";
				ENABLE_NS_ASSERTIONS = NO;
				ENABLE_STRICT_OBJC_MSGSEND = YES;
				GCC_C_LANGUAGE_STANDARD = gnu11;
				GCC_NO_COMMON_BLOCKS = YES;
				GCC_WARN_64_TO_32_BIT_CONVERSION = YES;
				GCC_WARN_ABOUT_RETURN_TYPE = YES_ERROR;
				GCC_WARN_UNDECLARED_SELECTOR = YES;
				GCC_WARN_UNINITIALIZED_AUTOS = YES_AGGRESSIVE;
				GCC_WARN_UNUSED_FUNCTION = YES;
				GCC_WARN_UNUSED_VARIABLE = YES;
				IPHONEOS_DEPLOYMENT_TARGET = 13.0;
				MTL_ENABLE_DEBUG_INFO = NO;
				MTL_FAST_MATH = YES;
				SDKROOT = iphoneos;
				SWIFT_COMPILATION_MODE = wholemodule;
				SWIFT_OPTIMIZATION_LEVEL = "-O";
				VALIDATE_PRODUCT = YES;
			};
			name = Release;
		};
		F23DE77E293B6FFB00EDD7B9 /* Debug */ = {
			isa = XCBuildConfiguration;
			buildSettings = {
				ASSETCATALOG_COMPILER_APPICON_NAME = AppIcon;
				ASSETCATALOG_COMPILER_GLOBAL_ACCENT_COLOR_NAME = AccentColor;
				CODE_SIGN_STYLE = Automatic;
				CURRENT_PROJECT_VERSION = 1;
				DEVELOPMENT_TEAM = 97UL48L835;
				FRAMEWORK_SEARCH_PATHS = (
					"$(inherited)",
					"$(PROJECT_DIR)/Google\\ Frameworks",
					"$(PROJECT_DIR)/Google\\ Frameworks",
					"$(PROJECT_DIR)/Google\\ Frameworks",
				);
				GENERATE_INFOPLIST_FILE = YES;
				INFOPLIST_FILE = googleMap/Info.plist;
				INFOPLIST_KEY_UIApplicationSupportsIndirectInputEvents = YES;
				INFOPLIST_KEY_UILaunchStoryboardName = LaunchScreen;
				INFOPLIST_KEY_UISupportedInterfaceOrientations_iPad = "UIInterfaceOrientationPortrait UIInterfaceOrientationPortraitUpsideDown UIInterfaceOrientationLandscapeLeft UIInterfaceOrientationLandscapeRight";
				INFOPLIST_KEY_UISupportedInterfaceOrientations_iPhone = "UIInterfaceOrientationPortrait UIInterfaceOrientationLandscapeLeft UIInterfaceOrientationLandscapeRight";
				LD_RUNPATH_SEARCH_PATHS = (
					"$(inherited)",
					"@executable_path/Frameworks",
				);
				MARKETING_VERSION = 1.0;
				PRODUCT_BUNDLE_IDENTIFIER = com.kermit.the.frog.googleMap;
				PRODUCT_NAME = "$(TARGET_NAME)";
				SUPPORTED_PLATFORMS = "iphoneos iphonesimulator";
				SUPPORTS_MACCATALYST = NO;
				SUPPORTS_MAC_DESIGNED_FOR_IPHONE_IPAD = NO;
				SWIFT_EMIT_LOC_STRINGS = YES;
				SWIFT_VERSION = 5.0;
				TARGETED_DEVICE_FAMILY = 1;
			};
			name = Debug;
		};
		F23DE77F293B6FFB00EDD7B9 /* Release */ = {
			isa = XCBuildConfiguration;
			buildSettings = {
				ASSETCATALOG_COMPILER_APPICON_NAME = AppIcon;
				ASSETCATALOG_COMPILER_GLOBAL_ACCENT_COLOR_NAME = AccentColor;
				CODE_SIGN_STYLE = Automatic;
				CURRENT_PROJECT_VERSION = 1;
				DEVELOPMENT_TEAM = 97UL48L835;
				FRAMEWORK_SEARCH_PATHS = (
					"$(inherited)",
					"$(PROJECT_DIR)/Google\\ Frameworks",
					"$(PROJECT_DIR)/Google\\ Frameworks",
					"$(PROJECT_DIR)/Google\\ Frameworks",
				);
				GENERATE_INFOPLIST_FILE = YES;
				INFOPLIST_FILE = googleMap/Info.plist;
				INFOPLIST_KEY_UIApplicationSupportsIndirectInputEvents = YES;
				INFOPLIST_KEY_UILaunchStoryboardName = LaunchScreen;
				INFOPLIST_KEY_UISupportedInterfaceOrientations_iPad = "UIInterfaceOrientationPortrait UIInterfaceOrientationPortraitUpsideDown UIInterfaceOrientationLandscapeLeft UIInterfaceOrientationLandscapeRight";
				INFOPLIST_KEY_UISupportedInterfaceOrientations_iPhone = "UIInterfaceOrientationPortrait UIInterfaceOrientationLandscapeLeft UIInterfaceOrientationLandscapeRight";
				LD_RUNPATH_SEARCH_PATHS = (
					"$(inherited)",
					"@executable_path/Frameworks",
				);
				MARKETING_VERSION = 1.0;
				PRODUCT_BUNDLE_IDENTIFIER = com.kermit.the.frog.googleMap;
				PRODUCT_NAME = "$(TARGET_NAME)";
				SUPPORTED_PLATFORMS = "iphoneos iphonesimulator";
				SUPPORTS_MACCATALYST = NO;
				SUPPORTS_MAC_DESIGNED_FOR_IPHONE_IPAD = NO;
				SWIFT_EMIT_LOC_STRINGS = YES;
				SWIFT_VERSION = 5.0;
				TARGETED_DEVICE_FAMILY = 1;
			};
			name = Release;
		};
/* End XCBuildConfiguration section */

/* Begin XCConfigurationList section */
		F23DE764293B6FFB00EDD7B9 /* Build configuration list for PBXProject "googleMap" */ = {
			isa = XCConfigurationList;
			buildConfigurations = (
				F23DE77B293B6FFB00EDD7B9 /* Debug */,
				F23DE77C293B6FFB00EDD7B9 /* Release */,
			);
			defaultConfigurationIsVisible = 0;
			defaultConfigurationName = Release;
		};
		F23DE77D293B6FFB00EDD7B9 /* Build configuration list for PBXNativeTarget "googleMap" */ = {
			isa = XCConfigurationList;
			buildConfigurations = (
				F23DE77E293B6FFB00EDD7B9 /* Debug */,
				F23DE77F293B6FFB00EDD7B9 /* Release */,
			);
			defaultConfigurationIsVisible = 0;
			defaultConfigurationName = Release;
		};
/* End XCConfigurationList section */
	};
	rootObject = F23DE761293B6FFB00EDD7B9 /* Project object */;
}
